<?xml version="1.0" encoding="utf-8"?>
<Project ToolsVersion="4.0" xmlns="http://schemas.microsoft.com/developer/msbuild/2003">
  <ItemGroup>
    <Filter Include="源文件">
      <UniqueIdentifier>{4FC737F1-C7A5-4376-A066-2A32D752A2FF}</UniqueIdentifier>
      <Extensions>cpp;c;cc;cxx;def;odl;idl;hpj;bat;asm;asmx</Extensions>
    </Filter>
    <Filter Include="头文件">
      <UniqueIdentifier>{93995380-89BD-4b04-88EB-625FBE52EBFB}</UniqueIdentifier>
      <Extensions>h;hh;hpp;hxx;hm;inl;inc;ipp;xsd</Extensions>
    </Filter>
    <Filter Include="资源文件">
      <UniqueIdentifier>{67DA6AB6-F800-4c08-8B7A-83BB121AAD01}</UniqueIdentifier>
      <Extensions>rc;ico;cur;bmp;dlg;rc2;rct;bin;rgs;gif;jpg;jpeg;jpe;resx;tiff;tif;png;wav;mfcribbon-ms</Extensions>
    </Filter>
    <Filter Include="Prunus">
      <UniqueIdentifier>{106f3c1f-5a3b-4184-8c3b-5760b21954e2}</UniqueIdentifier>
    </Filter>
  </ItemGroup>
  <ItemGroup>
    <ClCompile Include="WinMain.cpp">
      <Filter>源文件</Filter>
    </ClCompile>
    <ClCompile Include="FrameWndBase.cpp">
      <Filter>源文件</Filter>
    </ClCompile>
    <ClCompile Include="FrameWndMain.cpp">
      <Filter>源文件</Filter>
    </ClCompile>
    <ClCompile Include="DialogBuilderCallbackEx.cpp">
      <Filter>源文件</Filter>
    </ClCompile>
    <ClCompile Include="FrameWndSingleFile.cpp">
      <Filter>源文件</Filter>
    </ClCompile>
    <ClCompile Include="FrameWndMultipleFile.cpp">
      <Filter>源文件</Filter>
    </ClCompile>
    <ClCompile Include="FrameWndTextFile.cpp">
      <Filter>源文件</Filter>
    </ClCompile>
    <ClCompile Include="FrameWndAppsFile.cpp">
      <Filter>源文件</Filter>
    </ClCompile>
    <ClCompile Include="FrameWndCipherConfig.cpp">
      <Filter>源文件</Filter>
    </ClCompile>
    <ClCompile Include="FrameWndCipherInfo.cpp">
      <Filter>源文件</Filter>
    </ClCompile>
    <ClCompile Include="FrameWndMoreInfo.cpp">
      <Filter>源文件</Filter>
    </ClCompile>
    <ClCompile Include="FrameWndAboutInfo.cpp">
      <Filter>源文件</Filter>
    </ClCompile>
  </ItemGroup>
  <ItemGroup>
    <ClInclude Include="WinMain.h">
      <Filter>头文件</Filter>
    </ClInclude>
    <ClInclude Include="Common.h">
      <Filter>头文件</Filter>
    </ClInclude>
    <ClInclude Include="CommonWnd.h">
      <Filter>头文件</Filter>
    </ClInclude>
    <ClInclude Include="FrameWndBase.h">
      <Filter>头文件</Filter>
    </ClInclude>
    <ClInclude Include="resource.h">
      <Filter>头文件</Filter>
    </ClInclude>
    <ClInclude Include="FrameWndMain.h">
      <Filter>头文件</Filter>
    </ClInclude>
    <ClInclude Include="DialogBuilderCallbackEx.h">
      <Filter>头文件</Filter>
    </ClInclude>
    <ClInclude Include="FrameWndSingleFile.h">
      <Filter>头文件</Filter>
    </ClInclude>
    <ClInclude Include="FrameWndMultipleFile.h">
      <Filter>头文件</Filter>
    </ClInclude>
    <ClInclude Include="FrameWndTextFile.h">
      <Filter>头文件</Filter>
    </ClInclude>
    <ClInclude Include="FrameWndAppsFile.h">
      <Filter>头文件</Filter>
    </ClInclude>
    <ClInclude Include="FrameWndCipherConfig.h">
      <Filter>头文件</Filter>
    </ClInclude>
    <ClInclude Include="FrameWndCipherInfo.h">
      <Filter>头文件</Filter>
    </ClInclude>
    <ClInclude Include="FrameWndMoreInfo.h">
      <Filter>头文件</Filter>
    </ClInclude>
    <ClInclude Include="FrameWndAboutInfo.h">
      <Filter>头文件</Filter>
    </ClInclude>
    <ClInclude Include="..\Prunus\Inc\PlumCipherA.h">
      <Filter>Prunus</Filter>
    </ClInclude>
    <ClInclude Include="..\Prunus\Inc\PlumCommon.h">
      <Filter>Prunus</Filter>
    </ClInclude>
    <ClInclude Include="..\Prunus\Inc\PlumConsole.h">
      <Filter>Prunus</Filter>
    </ClInclude>
    <ClInclude Include="..\Prunus\Inc\PlumCrypt.h">
      <Filter>Prunus</Filter>
    </ClInclude>
    <ClInclude Include="..\Prunus\Inc\PlumFile.h">
      <Filter>Prunus</Filter>
    </ClInclude>
    <ClInclude Include="..\Prunus\Inc\PlumGraphics.h">
      <Filter>Prunus</Filter>
    </ClInclude>
    <ClInclude Include="..\Prunus\Inc\PlumIni.h">
      <Filter>Prunus</Filter>
    </ClInclude>
    <ClInclude Include="..\Prunus\Inc\PlumLog.h">
      <Filter>Prunus</Filter>
    </ClInclude>
    <ClInclude Include="..\Prunus\Inc\PlumLogEx.h">
      <Filter>Prunus</Filter>
    </ClInclude>
    <ClInclude Include="..\Prunus\Inc\PlumPack.h">
      <Filter>Prunus</Filter>
    </ClInclude>
    <ClInclude Include="..\Prunus\Inc\PlumPath.h">
      <Filter>Prunus</Filter>
    </ClInclude>
    <ClInclude Include="..\Prunus\Inc\PlumProcess.h">
      <Filter>Prunus</Filter>
    </ClInclude>
    <ClInclude Include="..\Prunus\Inc\PlumThread.h">
      <Filter>Prunus</Filter>
    </ClInclude>
    <ClInclude Include="CommonType.h">
      <Filter>头文件</Filter>
    </ClInclude>
  </ItemGroup>
  <ItemGroup>
    <ResourceCompile Include="PackerMaker2.rc">
      <Filter>资源文件</Filter>
    </ResourceCompile>
  </ItemGroup>
  <ItemGroup>
    <Image Include="Res\PackerMaker.ico">
      <Filter>资源文件</Filter>
    </Image>
  </ItemGroup>
</Project>